
Microsoft Visual Studio Solution File, Format Version 12.00
# Visual Studio 15
VisualStudioVersion = 15.0.27130.2003
MinimumVisualStudioVersion = 10.0.40219.1
Project("{FAE04EC0-301F-11D3-BF4B-00C04F79EFBC}") = "Xy.Isdc.IdentityServer", "Xy.Isdc.IdentityServer\Xy.Isdc.IdentityServer.csproj", "{CD2D7A14-8DEA-40D4-B670-E5E445A1481D}"
EndProject
Project("{FAE04EC0-301F-11D3-BF4B-00C04F79EFBC}") = "Xy.Isdc.Client", "Xy.Isdc.Client\Xy.Isdc.Client.csproj", "{EF268C19-E944-4F03-B9B2-D34ACDB5E6AE}"
EndProject
Global
	GlobalSection(SolutionConfigurationPlatforms) = preSolution
		Debug|Any CPU = Debug|Any CPU
		Release|Any CPU = Release|Any CPU
	EndGlobalSection
	GlobalSection(ProjectConfigurationPlatforms) = postSolution
		{CD2D7A14-8DEA-40D4-B670-E5E445A1481D}.Debug|Any CPU.ActiveCfg = Debug|Any CPU
		{CD2D7A14-8DEA-40D4-B670-E5E445A1481D}.Debug|Any CPU.Build.0 = Debug|Any CPU
		{CD2D7A14-8DEA-40D4-B670-E5E445A1481D}.Release|Any CPU.ActiveCfg = Release|Any CPU
		{CD2D7A14-8DEA-40D4-B670-E5E445A1481D}.Release|Any CPU.Build.0 = Release|Any CPU
		{EF268C19-E944-4F03-B9B2-D34ACDB5E6AE}.Debug|Any CPU.ActiveCfg = Debug|Any CPU
		{EF268C19-E944-4F03-B9B2-D34ACDB5E6AE}.Debug|Any CPU.Build.0 = Debug|Any CPU
		{EF268C19-E944-4F03-B9B2-D34ACDB5E6AE}.Release|Any CPU.ActiveCfg = Release|Any CPU
		{EF268C19-E944-4F03-B9B2-D34ACDB5E6AE}.Release|Any CPU.Build.0 = Release|Any CPU
	EndGlobalSection
	GlobalSection(SolutionProperties) = preSolution
		HideSolutionNode = FALSE
	EndGlobalSection
	GlobalSection(ExtensibilityGlobals) = postSolution
		SolutionGuid = {188D773C-4677-4E84-915A-13E64A0FD50B}
	EndGlobalSection
EndGlobal
